# THIS IS AN AUTOGENERATED FILE. DO NOT EDIT THIS FILE DIRECTLY.
# yarn lockfile v1


dayjs@^1.11.11:
  version "1.11.11"
  resolved "https://registry.npmmirror.com/dayjs/-/dayjs-1.11.11.tgz#dfe0e9d54c5f8b68ccf8ca5f72ac603e7e5ed59e"
  integrity sha512-okzr3f11N6WuqYtZSvm+F776mB41wRZMhKP+hc34YdW+KmtYYK9iqvHSwo2k9FEH3fhGXvOPV6yz2IcSrfRUDg==

typescript@^5.5.3:
  version "5.5.3"
  resolved "https://registry.npmmirror.com/typescript/-/typescript-5.5.3.tgz#e1b0a3c394190838a0b168e771b0ad56a0af0faa"
  integrity sha512-/hreyEujaB0w76zKo6717l3L0o/qEUtRgdvUBvlkhoWeOVMjMuHNHk0BRBzikzuGDqNmPQbg5ifMEqsHLiIUcQ==
